
Microsoft Visual Studio Solution File, Format Version 12.00
# Visual Studio Version 17
VisualStudioVersion = 17.5.33516.290
MinimumVisualStudioVersion = 10.0.40219.1
Project("{FAE04EC0-301F-11D3-BF4B-00C04F79EFBC}") = "Pokemon_Simulator_Remodelling", "Pokemon_Simulator_Remodelling\Pokemon_Simulator_Remodelling.csproj", "{C4F79C07-7EA0-4954-84F7-CA8C797E3D1E}"
EndProject
Global
	GlobalSection(SolutionConfigurationPlatforms) = preSolution
		Debug|Any CPU = Debug|Any CPU
		Release|Any CPU = Release|Any CPU
	EndGlobalSection
	GlobalSection(ProjectConfigurationPlatforms) = postSolution
		{C4F79C07-7EA0-4954-84F7-CA8C797E3D1E}.Debug|Any CPU.ActiveCfg = Debug|Any CPU
		{C4F79C07-7EA0-4954-84F7-CA8C797E3D1E}.Debug|Any CPU.Build.0 = Debug|Any CPU
		{C4F79C07-7EA0-4954-84F7-CA8C797E3D1E}.Release|Any CPU.ActiveCfg = Release|Any CPU
		{C4F79C07-7EA0-4954-84F7-CA8C797E3D1E}.Release|Any CPU.Build.0 = Release|Any CPU
	EndGlobalSection
	GlobalSection(SolutionProperties) = preSolution
		HideSolutionNode = FALSE
	EndGlobalSection
	GlobalSection(ExtensibilityGlobals) = postSolution
		SolutionGuid = {D5DA84FF-7C63-4359-A49C-01B355CA4D12}
	EndGlobalSection
EndGlobal
